<?xml version="1.0" encoding="utf-8"?>
<Project ToolsVersion="4.0" xmlns="http://schemas.microsoft.com/developer/msbuild/2003">
  <ItemGroup>
    <Filter Include="Cabbage">
      <UniqueIdentifier>{DB662CBD-121E-BF2D-14F1-5B6703295C8F}</UniqueIdentifier>
    </Filter>
    <Filter Include="Cabbage\Source">
      <UniqueIdentifier>{F1EBDA83-3E82-2BB6-718E-8D1C99BC5214}</UniqueIdentifier>
    </Filter>
    <Filter Include="Juce Library Code">
      <UniqueIdentifier>{F7048EA6-F4B2-F31B-E402-E05D678A1111}</UniqueIdentifier>
    </Filter>
    <Filter Include="Cabbage\Source\Plugin">
      <UniqueIdentifier>{4066d4cd-7e22-4f12-8779-76f8759f166c}</UniqueIdentifier>
    </Filter>
    <Filter Include="Cabbage\Source\Standalone">
      <UniqueIdentifier>{5860ad94-1f57-4173-9513-ed189aa4e7b5}</UniqueIdentifier>
    </Filter>
    <Filter Include="Cabbage\Source\Editor">
      <UniqueIdentifier>{31d08120-137c-4205-a443-a4cb97238401}</UniqueIdentifier>
    </Filter>
  </ItemGroup>
  <ItemGroup>
    <ClCompile Include="..\..\JuceLibraryCode\JuceLibraryCode1.cpp">
      <Filter>Juce Library Code</Filter>
    </ClCompile>
    <ClCompile Include="..\..\JuceLibraryCode\JuceLibraryCode2.cpp">
      <Filter>Juce Library Code</Filter>
    </ClCompile>
    <ClCompile Include="..\..\JuceLibraryCode\JuceLibraryCode3.cpp">
      <Filter>Juce Library Code</Filter>
    </ClCompile>
    <ClCompile Include="..\..\JuceLibraryCode\JuceLibraryCode4.cpp">
      <Filter>Juce Library Code</Filter>
    </ClCompile>
    <ClCompile Include="..\..\Source\CabbageGUIClass.cpp">
      <Filter>Cabbage\Source</Filter>
    </ClCompile>
    <ClCompile Include="..\..\Source\CabbageMainPanel.cpp">
      <Filter>Cabbage\Source</Filter>
    </ClCompile>
    <ClCompile Include="..\..\Source\ComponentLayoutEditor.cpp">
      <Filter>Cabbage\Source</Filter>
    </ClCompile>
    <ClCompile Include="..\..\Source\CabbageLookAndFeel.cpp">
      <Filter>Cabbage\Source</Filter>
    </ClCompile>
    <ClCompile Include="..\..\Source\Plugin\CabbagePluginEditor.cpp">
      <Filter>Cabbage\Source\Plugin</Filter>
    </ClCompile>
    <ClCompile Include="..\..\Source\Plugin\CabbagePluginProcessor.cpp">
      <Filter>Cabbage\Source\Plugin</Filter>
    </ClCompile>
    <ClCompile Include="..\..\Source\Standalone\CabbageStandaloneDialog.cpp">
      <Filter>Cabbage\Source\Standalone</Filter>
    </ClCompile>
    <ClCompile Include="..\..\Source\Standalone\StandaloneFilterApp.cpp">
      <Filter>Cabbage\Source\Standalone</Filter>
    </ClCompile>
    <ClCompile Include="..\..\Source\Editor\CabbageCsoundEditor.cpp">
      <Filter>Cabbage\Source\Editor</Filter>
    </ClCompile>
    <ClCompile Include="..\..\Source\Editor\CabbageEditorWindow.cpp">
      <Filter>Cabbage\Source\Editor</Filter>
    </ClCompile>
    <ClCompile Include="..\..\Source\Editor\CabbageEditorCommandManager.cpp">
      <Filter>Cabbage\Source\Editor</Filter>
    </ClCompile>
    <ClCompile Include="..\..\Source\BinaryData.cpp">
      <Filter>Cabbage\Source</Filter>
    </ClCompile>
  </ItemGroup>
  <ItemGroup>
    <ClInclude Include="..\..\JuceLibraryCode\AppConfig.h">
      <Filter>Juce Library Code</Filter>
    </ClInclude>
    <ClInclude Include="..\..\JuceLibraryCode\JuceHeader.h">
      <Filter>Juce Library Code</Filter>
    </ClInclude>
    <ClInclude Include="..\..\Source\CabbageGUIClass.h">
      <Filter>Cabbage\Source</Filter>
    </ClInclude>
    <ClInclude Include="..\..\Source\CabbageUtils.h">
      <Filter>Cabbage\Source</Filter>
    </ClInclude>
    <ClInclude Include="..\..\JuceLibraryCode\JucePluginCharacteristics.h">
      <Filter>Juce Library Code</Filter>
    </ClInclude>
    <ClInclude Include="..\..\JuceLibraryCode\juce_IncludeCharacteristics.h">
      <Filter>Juce Library Code</Filter>
    </ClInclude>
    <ClInclude Include="..\..\Source\ComponentLayoutEditor.h">
      <Filter>Cabbage\Source</Filter>
    </ClInclude>
    <ClInclude Include="..\..\Source\CabbageMainPanel.h">
      <Filter>Cabbage\Source</Filter>
    </ClInclude>
    <ClInclude Include="..\..\Source\CabbageCustomWidgets.h">
      <Filter>Cabbage\Source</Filter>
    </ClInclude>
    <ClInclude Include="..\..\Source\CabbageLookAndFeel.h">
      <Filter>Cabbage\Source</Filter>
    </ClInclude>
    <ClInclude Include="..\..\Source\Plugin\CabbagePluginEditor.h">
      <Filter>Cabbage\Source\Plugin</Filter>
    </ClInclude>
    <ClInclude Include="..\..\Source\Plugin\CabbagePluginProcessor.h">
      <Filter>Cabbage\Source\Plugin</Filter>
    </ClInclude>
    <ClInclude Include="..\..\Source\Standalone\CabbageStandaloneDialog.h">
      <Filter>Cabbage\Source\Standalone</Filter>
    </ClInclude>
    <ClInclude Include="..\..\Source\Editor\CabbageCsoundEditor.h">
      <Filter>Cabbage\Source\Editor</Filter>
    </ClInclude>
    <ClInclude Include="..\..\Source\Editor\CabbageEditorWindow.h">
      <Filter>Cabbage\Source\Editor</Filter>
    </ClInclude>
    <ClInclude Include="..\..\Source\Editor\CabbageEditorCommandManager.h">
      <Filter>Cabbage\Source\Editor</Filter>
    </ClInclude>
    <ClInclude Include="..\..\Source\BinaryData.h">
      <Filter>Cabbage\Source</Filter>
    </ClInclude>
  </ItemGroup>
  <ItemGroup>
    <ResourceCompile Include="resources.rc">
      <Filter>Cabbage</Filter>
    </ResourceCompile>
  </ItemGroup>
</Project>