// !$*UTF8*$!
{
	archiveVersion = 1;
	classes = {
	};
	objectVersion = 45;
	objects = {

		1DFBF0201D400CD6C6782B10 = { isa = PBXBuildFile; fileRef = DE34B4AA7DBD865FCBB5B8B2; };
		3BEC07A51CB8E516B38ECD43 = { isa = PBXBuildFile; fileRef = AFF0A076C5A0BA472114A2E2; };
		79331405AD5D6C6600D66AD6 = { isa = PBXBuildFile; fileRef = 1D31DB5B0740C604B838356A; };
		35B83190681BB220D98E9F4D = { isa = PBXBuildFile; fileRef = 7B77B24B04A33D71A99FDDCB; };
		F1B55A9153FAED910EA74FDB = { isa = PBXBuildFile; fileRef = 49A0F6B1978D218746558368; };
		25899CB91140BD7EA1A76AC2 = { isa = PBXBuildFile; fileRef = B72DC4BFE3CEBEF52E48955E; };
		E3374961ADD79184B9CE4D6A = { isa = PBXBuildFile; fileRef = 4D5933207BC04E52A0DA2E0A; };
		B9E0A6242B5D01361E3F0765 = { isa = PBXBuildFile; fileRef = B5410062042764412B8CE303; };
		220B11F25D7C5B32419DABB0 = { isa = PBXBuildFile; fileRef = BA1F39F1C3D8B6B149A883A5; };
		2E9221933937114A7B72EFCB = { isa = PBXBuildFile; fileRef = F33602FCD0B439E42D8B07E5; };
		3A38322405F3E852955723C6 = { isa = PBXBuildFile; fileRef = 4C5DDBF8EDAFBC07017F8B34; };
		46CF42C5E1BEAF6AC03C67C1 = { isa = PBXBuildFile; fileRef = 8683A4F3FA8A2F3AE5531E74; };
		E010B1B13BDDBA00D53FD225 = { isa = PBXBuildFile; fileRef = 79EF607C37867C3E0727A6C8; };
		261B9FA991050816F1A69CF1 = { isa = PBXBuildFile; fileRef = 38A632812F285749FDD4E85B; };
		656D887203DFBAA17693D4B0 = { isa = PBXBuildFile; fileRef = 3E2F370D66AFCFA025F28C96; };
		39AA67B3C29D7E17EB831AE0 = { isa = PBXBuildFile; fileRef = 4E7669D84B7D14F109A6B8FC; };
		4023CFF3BC120F2A56259823 = { isa = PBXBuildFile; fileRef = F5762685F4E190605FC94101; settings = {COMPILER_FLAGS = "-w"; }; };
		CF730D7AF9E3C38DAB2573C0 = { isa = PBXBuildFile; fileRef = C023ED9377653751F86C3B1D; settings = {COMPILER_FLAGS = "-w"; }; };
		74FEA2F1276E8A833ED3EB01 = { isa = PBXBuildFile; fileRef = FAAED6E33033D90E1F743AD2; settings = {COMPILER_FLAGS = "-w"; }; };
		DB5A93AEE231457AA43497E5 = { isa = PBXBuildFile; fileRef = CEF7538E58F81D0364A2C723; settings = {COMPILER_FLAGS = "-w"; }; };
		7E7977C95888403D47BC2A6D = { isa = PBXBuildFile; fileRef = C959628DAC3D4FA01B805CEC; settings = {COMPILER_FLAGS = "-w"; }; };
		30D03B1C92540A19964F0777 = { isa = PBXBuildFile; fileRef = F4DB0CA442A068D59FBD767D; settings = {COMPILER_FLAGS = "-w"; }; };
		4B9D832A2817A219C5D43039 = { isa = PBXBuildFile; fileRef = AFEBEF559575F8181F573294; settings = {COMPILER_FLAGS = "-w"; }; };
		1ABA32F5D0CACEFC54C586F9 = { isa = PBXBuildFile; fileRef = 72361A4FBBE1B6044CFBCF21; settings = {COMPILER_FLAGS = "-w"; }; };
		903E94F94A1BC80546D7F405 = { isa = PBXBuildFile; fileRef = 3AC294386F1435682CD2600D; settings = {COMPILER_FLAGS = "-w"; }; };
		373789C6C19B68CFD29EFCA9 = { isa = PBXBuildFile; fileRef = 43C21C822B57878473695AE1; settings = {COMPILER_FLAGS = "-w"; }; };
		1396EF7C62C49742C321DE44 = { isa = PBXBuildFile; fileRef = FCD2C47E613117EAD9E17FAE; settings = {COMPILER_FLAGS = "-w"; }; };
		C8F581D646B5C7878D02FE17 = { isa = PBXBuildFile; fileRef = 89BFF9CD9EBB3FA5708ED43F; settings = {COMPILER_FLAGS = "-w"; }; };
		4348ABCAD2493E2A00DF3980 = { isa = PBXBuildFile; fileRef = E4E494BE89B05135C3AFD003; settings = {COMPILER_FLAGS = "-w"; }; };
		8E530FF49F8DD2A007CED5FC = { isa = PBXBuildFile; fileRef = 3217044C5E2B4268794914E5; settings = {COMPILER_FLAGS = "-w"; }; };
		1D105257ACE3F91C5B965AA7 = { isa = PBXBuildFile; fileRef = EA2BA05FC27823FE070A31FB; settings = {COMPILER_FLAGS = "-w"; }; };
		57B34A410750948391619D69 = { isa = PBXBuildFile; fileRef = 0AE84C103FFD9D284FB7972F; settings = {COMPILER_FLAGS = "-w"; }; };
		F84FC8BC7BE803A8560A0ECE = { isa = PBXBuildFile; fileRef = 80F9BE72E2F28689FB06678B; settings = {COMPILER_FLAGS = "-w"; }; };
		827AF8A3A9CEC4F40E0EA6BB = { isa = PBXBuildFile; fileRef = 15698E15D2EE78F0F854B546; settings = {COMPILER_FLAGS = "-w"; }; };
		3BB2693AA5F1C2F27AF7CA5B = { isa = PBXBuildFile; fileRef = FC8C295975F76FE6E60113D4; settings = {COMPILER_FLAGS = "-w"; }; };
		D40596AB31E7789C6FCA922F = { isa = PBXBuildFile; fileRef = F71A9DB776B6BB8E359CA32F; settings = {COMPILER_FLAGS = "-w"; }; };
		77732F94180636D89E7A4B37 = { isa = PBXBuildFile; fileRef = BECF81044D98CEE47A45E731; settings = {COMPILER_FLAGS = "-w"; }; };
		89FFDFA65506576B616C7540 = { isa = PBXBuildFile; fileRef = EE26421C99B73600E78F3271; settings = {COMPILER_FLAGS = "-w"; }; };
		DE34B4AA7DBD865FCBB5B8B2 = { isa = PBXFileReference; lastKnownFileType = wrapper.framework; name = UIKit.framework; path = System/Library/Frameworks/UIKit.framework; sourceTree = SDKROOT; };
		AFF0A076C5A0BA472114A2E2 = { isa = PBXFileReference; lastKnownFileType = wrapper.framework; name = Foundation.framework; path = System/Library/Frameworks/Foundation.framework; sourceTree = SDKROOT; };
		1D31DB5B0740C604B838356A = { isa = PBXFileReference; lastKnownFileType = wrapper.framework; name = CoreGraphics.framework; path = System/Library/Frameworks/CoreGraphics.framework; sourceTree = SDKROOT; };
		7B77B24B04A33D71A99FDDCB = { isa = PBXFileReference; lastKnownFileType = wrapper.framework; name = AudioToolbox.framework; path = System/Library/Frameworks/AudioToolbox.framework; sourceTree = SDKROOT; };
		49A0F6B1978D218746558368 = { isa = PBXFileReference; lastKnownFileType = wrapper.framework; name = QuartzCore.framework; path = System/Library/Frameworks/QuartzCore.framework; sourceTree = SDKROOT; };
		B72DC4BFE3CEBEF52E48955E = { isa = PBXFileReference; lastKnownFileType = wrapper.framework; name = OpenGLES.framework; path = System/Library/Frameworks/OpenGLES.framework; sourceTree = SDKROOT; };
		38B3FD1536FCA839A4D61D2B = { isa = PBXFileReference; explicitFileType = wrapper.cfbundle; includeInIndex = 0; path = CabbagePlugin.component; sourceTree = BUILT_PRODUCTS_DIR; };
		1AA75B177723E2397474C0A9 = { isa = PBXFileReference; lastKnownFileType = text.plist.xml; name = Info.plist; path = Info.plist; sourceTree = SOURCE_ROOT; };
		4D5933207BC04E52A0DA2E0A = { isa = PBXFileReference; lastKnownFileType = sourcecode.cpp.cpp; name = PluginProcessor.cpp; path = ../../Source/PluginProcessor.cpp; sourceTree = SOURCE_ROOT; };
		68702D2B7E55E312940EBBE6 = { isa = PBXFileReference; lastKnownFileType = sourcecode.c.h; name = PluginProcessor.h; path = ../../Source/PluginProcessor.h; sourceTree = SOURCE_ROOT; };
		B5410062042764412B8CE303 = { isa = PBXFileReference; lastKnownFileType = sourcecode.cpp.cpp; name = PluginEditor.cpp; path = ../../Source/PluginEditor.cpp; sourceTree = SOURCE_ROOT; };
		FE76F48D71A43108DC3A632E = { isa = PBXFileReference; lastKnownFileType = sourcecode.c.h; name = PluginEditor.h; path = ../../Source/PluginEditor.h; sourceTree = SOURCE_ROOT; };
		EE3110A166F2BE4285CCC0E9 = { isa = PBXFileReference; lastKnownFileType = sourcecode.c.h; name = AppConfig.h; path = ../../JuceLibraryCode/AppConfig.h; sourceTree = SOURCE_ROOT; };
		A5BDE75E68BCE3A2F9D83449 = { isa = PBXFileReference; lastKnownFileType = sourcecode.c.h; name = JuceHeader.h; path = ../../JuceLibraryCode/JuceHeader.h; sourceTree = SOURCE_ROOT; };
		BA1F39F1C3D8B6B149A883A5 = { isa = PBXFileReference; lastKnownFileType = sourcecode.cpp.objcpp; name = JuceLibraryCode1.mm; path = ../../JuceLibraryCode/JuceLibraryCode1.mm; sourceTree = SOURCE_ROOT; };
		F33602FCD0B439E42D8B07E5 = { isa = PBXFileReference; lastKnownFileType = sourcecode.cpp.objcpp; name = JuceLibraryCode2.mm; path = ../../JuceLibraryCode/JuceLibraryCode2.mm; sourceTree = SOURCE_ROOT; };
		4C5DDBF8EDAFBC07017F8B34 = { isa = PBXFileReference; lastKnownFileType = sourcecode.cpp.objcpp; name = JuceLibraryCode3.mm; path = ../../JuceLibraryCode/JuceLibraryCode3.mm; sourceTree = SOURCE_ROOT; };
		8683A4F3FA8A2F3AE5531E74 = { isa = PBXFileReference; lastKnownFileType = sourcecode.cpp.objcpp; name = JuceLibraryCode4.mm; path = ../../JuceLibraryCode/JuceLibraryCode4.mm; sourceTree = SOURCE_ROOT; };
		68CBBE7C9EB1011B535A26DC = { isa = PBXFileReference; lastKnownFileType = sourcecode.c.h; name = JucePluginCharacteristics.h; path = ../../JuceLibraryCode/JucePluginCharacteristics.h; sourceTree = SOURCE_ROOT; };
		79EF607C37867C3E0727A6C8 = { isa = PBXFileReference; lastKnownFileType = sourcecode.cpp.cpp; name = juce_VST_Wrapper.cpp; path = ../../../../SourceCode/juceTip/juce/src/audio/plugin_client/VST/juce_VST_Wrapper.cpp; sourceTree = SOURCE_ROOT; };
		38A632812F285749FDD4E85B = { isa = PBXFileReference; lastKnownFileType = sourcecode.cpp.objcpp; name = juce_VST_Wrapper.mm; path = ../../../../SourceCode/juceTip/juce/src/audio/plugin_client/VST/juce_VST_Wrapper.mm; sourceTree = SOURCE_ROOT; };
		3E2F370D66AFCFA025F28C96 = { isa = PBXFileReference; lastKnownFileType = file.r; name = juce_AU_Resources.r; path = ../../../../SourceCode/juceTip/juce/src/audio/plugin_client/AU/juce_AU_Resources.r; sourceTree = SOURCE_ROOT; };
		4E7669D84B7D14F109A6B8FC = { isa = PBXFileReference; lastKnownFileType = sourcecode.cpp.objcpp; name = juce_AU_Wrapper.mm; path = ../../../../SourceCode/juceTip/juce/src/audio/plugin_client/AU/juce_AU_Wrapper.mm; sourceTree = SOURCE_ROOT; };
		092D19C0006E2D54B3FCFBD4 = { isa = PBXFileReference; lastKnownFileType = sourcecode.c.h; name = CADebugMacros.h; path = Extras/CoreAudio/PublicUtility/CADebugMacros.h; sourceTree = DEVELOPER_DIR; };
		F5762685F4E190605FC94101 = { isa = PBXFileReference; lastKnownFileType = sourcecode.cpp.cpp; name = CAAUParameter.cpp; path = Extras/CoreAudio/PublicUtility/CAAUParameter.cpp; sourceTree = DEVELOPER_DIR; };
		372CAC9C2C717764D967FF52 = { isa = PBXFileReference; lastKnownFileType = sourcecode.c.h; name = CAAUParameter.h; path = Extras/CoreAudio/PublicUtility/CAAUParameter.h; sourceTree = DEVELOPER_DIR; };
		C023ED9377653751F86C3B1D = { isa = PBXFileReference; lastKnownFileType = sourcecode.cpp.cpp; name = CAAudioChannelLayout.cpp; path = Extras/CoreAudio/PublicUtility/CAAudioChannelLayout.cpp; sourceTree = DEVELOPER_DIR; };
		BDDB7E8D3C168A5874EF92F6 = { isa = PBXFileReference; lastKnownFileType = sourcecode.c.h; name = CAAudioChannelLayout.h; path = Extras/CoreAudio/PublicUtility/CAAudioChannelLayout.h; sourceTree = DEVELOPER_DIR; };
		FAAED6E33033D90E1F743AD2 = { isa = PBXFileReference; lastKnownFileType = sourcecode.cpp.cpp; name = CAMutex.cpp; path = Extras/CoreAudio/PublicUtility/CAMutex.cpp; sourceTree = DEVELOPER_DIR; };
		EB34F5E772C73295A3AFE75D = { isa = PBXFileReference; lastKnownFileType = sourcecode.c.h; name = CAMutex.h; path = Extras/CoreAudio/PublicUtility/CAMutex.h; sourceTree = DEVELOPER_DIR; };
		CEF7538E58F81D0364A2C723 = { isa = PBXFileReference; lastKnownFileType = sourcecode.cpp.cpp; name = CAStreamBasicDescription.cpp; path = Extras/CoreAudio/PublicUtility/CAStreamBasicDescription.cpp; sourceTree = DEVELOPER_DIR; };
		FE754121B82D44E9EF49D058 = { isa = PBXFileReference; lastKnownFileType = sourcecode.c.h; name = CAStreamBasicDescription.h; path = Extras/CoreAudio/PublicUtility/CAStreamBasicDescription.h; sourceTree = DEVELOPER_DIR; };
		B9BD3D2A0ECF04F3FE5F1AF4 = { isa = PBXFileReference; lastKnownFileType = sourcecode.c.h; name = CAVectorUnitTypes.h; path = Extras/CoreAudio/PublicUtility/CAVectorUnitTypes.h; sourceTree = DEVELOPER_DIR; };
		C959628DAC3D4FA01B805CEC = { isa = PBXFileReference; lastKnownFileType = sourcecode.cpp.cpp; name = CAVectorUnit.cpp; path = Extras/CoreAudio/PublicUtility/CAVectorUnit.cpp; sourceTree = DEVELOPER_DIR; };
		4F084CAC66FD56E59C98A2C4 = { isa = PBXFileReference; lastKnownFileType = sourcecode.c.h; name = CAVectorUnit.h; path = Extras/CoreAudio/PublicUtility/CAVectorUnit.h; sourceTree = DEVELOPER_DIR; };
		6B4FFF65DF21488A3B1C5CC8 = { isa = PBXFileReference; lastKnownFileType = sourcecode.c.h; name = AUViewLocalizedStringKeys.h; path = Extras/CoreAudio/AudioUnits/AUPublic/AUViewBase/AUViewLocalizedStringKeys.h; sourceTree = DEVELOPER_DIR; };
		F4DB0CA442A068D59FBD767D = { isa = PBXFileReference; lastKnownFileType = sourcecode.cpp.cpp; name = AUCarbonViewDispatch.cpp; path = Extras/CoreAudio/AudioUnits/AUPublic/AUCarbonViewBase/AUCarbonViewDispatch.cpp; sourceTree = DEVELOPER_DIR; };
		AFEBEF559575F8181F573294 = { isa = PBXFileReference; lastKnownFileType = sourcecode.cpp.cpp; name = AUCarbonViewControl.cpp; path = Extras/CoreAudio/AudioUnits/AUPublic/AUCarbonViewBase/AUCarbonViewControl.cpp; sourceTree = DEVELOPER_DIR; };
		5E537726F79A063C1A9A3D37 = { isa = PBXFileReference; lastKnownFileType = sourcecode.c.h; name = AUCarbonViewControl.h; path = Extras/CoreAudio/AudioUnits/AUPublic/AUCarbonViewBase/AUCarbonViewControl.h; sourceTree = DEVELOPER_DIR; };
		72361A4FBBE1B6044CFBCF21 = { isa = PBXFileReference; lastKnownFileType = sourcecode.cpp.cpp; name = CarbonEventHandler.cpp; path = Extras/CoreAudio/AudioUnits/AUPublic/AUCarbonViewBase/CarbonEventHandler.cpp; sourceTree = DEVELOPER_DIR; };
		2D8EA53FBCFC1D273CE009FB = { isa = PBXFileReference; lastKnownFileType = sourcecode.c.h; name = CarbonEventHandler.h; path = Extras/CoreAudio/AudioUnits/AUPublic/AUCarbonViewBase/CarbonEventHandler.h; sourceTree = DEVELOPER_DIR; };
		3AC294386F1435682CD2600D = { isa = PBXFileReference; lastKnownFileType = sourcecode.cpp.cpp; name = AUCarbonViewBase.cpp; path = Extras/CoreAudio/AudioUnits/AUPublic/AUCarbonViewBase/AUCarbonViewBase.cpp; sourceTree = DEVELOPER_DIR; };
		79A841004A0DD3C934437272 = { isa = PBXFileReference; lastKnownFileType = sourcecode.c.h; name = AUCarbonViewBase.h; path = Extras/CoreAudio/AudioUnits/AUPublic/AUCarbonViewBase/AUCarbonViewBase.h; sourceTree = DEVELOPER_DIR; };
		43C21C822B57878473695AE1 = { isa = PBXFileReference; lastKnownFileType = sourcecode.cpp.cpp; name = AUBase.cpp; path = Extras/CoreAudio/AudioUnits/AUPublic/AUBase/AUBase.cpp; sourceTree = DEVELOPER_DIR; };
		459F08D64E99DE107F873779 = { isa = PBXFileReference; lastKnownFileType = sourcecode.c.h; name = AUBase.h; path = Extras/CoreAudio/AudioUnits/AUPublic/AUBase/AUBase.h; sourceTree = DEVELOPER_DIR; };
		FCD2C47E613117EAD9E17FAE = { isa = PBXFileReference; lastKnownFileType = sourcecode.cpp.cpp; name = AUDispatch.cpp; path = Extras/CoreAudio/AudioUnits/AUPublic/AUBase/AUDispatch.cpp; sourceTree = DEVELOPER_DIR; };
		02C33755D7C0C886CE8215FD = { isa = PBXFileReference; lastKnownFileType = sourcecode.c.h; name = AUDispatch.h; path = Extras/CoreAudio/AudioUnits/AUPublic/AUBase/AUDispatch.h; sourceTree = DEVELOPER_DIR; };
		89BFF9CD9EBB3FA5708ED43F = { isa = PBXFileReference; lastKnownFileType = sourcecode.cpp.cpp; name = AUInputElement.cpp; path = Extras/CoreAudio/AudioUnits/AUPublic/AUBase/AUInputElement.cpp; sourceTree = DEVELOPER_DIR; };
		308611D3263E93B0A78AB629 = { isa = PBXFileReference; lastKnownFileType = sourcecode.c.h; name = AUInputElement.h; path = Extras/CoreAudio/AudioUnits/AUPublic/AUBase/AUInputElement.h; sourceTree = DEVELOPER_DIR; };
		E4E494BE89B05135C3AFD003 = { isa = PBXFileReference; lastKnownFileType = sourcecode.cpp.cpp; name = AUOutputElement.cpp; path = Extras/CoreAudio/AudioUnits/AUPublic/AUBase/AUOutputElement.cpp; sourceTree = DEVELOPER_DIR; };
		E10BD9CF0B171BE6C28A95DD = { isa = PBXFileReference; lastKnownFileType = sourcecode.c.h; name = AUOutputElement.h; path = Extras/CoreAudio/AudioUnits/AUPublic/AUBase/AUOutputElement.h; sourceTree = DEVELOPER_DIR; };
		CCD2DB0AEA2F96B75ABBBCEE = { isa = PBXFileReference; lastKnownFileType = file.r; name = AUResources.r; path = Extras/CoreAudio/AudioUnits/AUPublic/AUBase/AUResources.r; sourceTree = DEVELOPER_DIR; };
		3217044C5E2B4268794914E5 = { isa = PBXFileReference; lastKnownFileType = sourcecode.cpp.cpp; name = AUScopeElement.cpp; path = Extras/CoreAudio/AudioUnits/AUPublic/AUBase/AUScopeElement.cpp; sourceTree = DEVELOPER_DIR; };
		9DF632D1239A37562454012E = { isa = PBXFileReference; lastKnownFileType = sourcecode.c.h; name = AUScopeElement.h; path = Extras/CoreAudio/AudioUnits/AUPublic/AUBase/AUScopeElement.h; sourceTree = DEVELOPER_DIR; };
		EA2BA05FC27823FE070A31FB = { isa = PBXFileReference; lastKnownFileType = sourcecode.cpp.cpp; name = ComponentBase.cpp; path = Extras/CoreAudio/AudioUnits/AUPublic/AUBase/ComponentBase.cpp; sourceTree = DEVELOPER_DIR; };
		2E76301D6CF42AE3F3DA5FD4 = { isa = PBXFileReference; lastKnownFileType = sourcecode.c.h; name = ComponentBase.h; path = Extras/CoreAudio/AudioUnits/AUPublic/AUBase/ComponentBase.h; sourceTree = DEVELOPER_DIR; };
		0AE84C103FFD9D284FB7972F = { isa = PBXFileReference; lastKnownFileType = sourcecode.cpp.cpp; name = AUMIDIBase.cpp; path = Extras/CoreAudio/AudioUnits/AUPublic/OtherBases/AUMIDIBase.cpp; sourceTree = DEVELOPER_DIR; };
		927734C1F8720450854326D9 = { isa = PBXFileReference; lastKnownFileType = sourcecode.c.h; name = AUMIDIBase.h; path = Extras/CoreAudio/AudioUnits/AUPublic/OtherBases/AUMIDIBase.h; sourceTree = DEVELOPER_DIR; };
		80F9BE72E2F28689FB06678B = { isa = PBXFileReference; lastKnownFileType = sourcecode.cpp.cpp; name = AUMIDIEffectBase.cpp; path = Extras/CoreAudio/AudioUnits/AUPublic/OtherBases/AUMIDIEffectBase.cpp; sourceTree = DEVELOPER_DIR; };
		C873030F111AFCFCBF38849C = { isa = PBXFileReference; lastKnownFileType = sourcecode.c.h; name = AUMIDIEffectBase.h; path = Extras/CoreAudio/AudioUnits/AUPublic/OtherBases/AUMIDIEffectBase.h; sourceTree = DEVELOPER_DIR; };
		15698E15D2EE78F0F854B546 = { isa = PBXFileReference; lastKnownFileType = sourcecode.cpp.cpp; name = AUOutputBase.cpp; path = Extras/CoreAudio/AudioUnits/AUPublic/OtherBases/AUOutputBase.cpp; sourceTree = DEVELOPER_DIR; };
		6B302A6422E1EEAA9F9EACCD = { isa = PBXFileReference; lastKnownFileType = sourcecode.c.h; name = AUOutputBase.h; path = Extras/CoreAudio/AudioUnits/AUPublic/OtherBases/AUOutputBase.h; sourceTree = DEVELOPER_DIR; };
		FC8C295975F76FE6E60113D4 = { isa = PBXFileReference; lastKnownFileType = sourcecode.cpp.cpp; name = MusicDeviceBase.cpp; path = Extras/CoreAudio/AudioUnits/AUPublic/OtherBases/MusicDeviceBase.cpp; sourceTree = DEVELOPER_DIR; };
		9CC999F2BF1A37FD3FAD1930 = { isa = PBXFileReference; lastKnownFileType = sourcecode.c.h; name = MusicDeviceBase.h; path = Extras/CoreAudio/AudioUnits/AUPublic/OtherBases/MusicDeviceBase.h; sourceTree = DEVELOPER_DIR; };
		F71A9DB776B6BB8E359CA32F = { isa = PBXFileReference; lastKnownFileType = sourcecode.cpp.cpp; name = AUEffectBase.cpp; path = Extras/CoreAudio/AudioUnits/AUPublic/OtherBases/AUEffectBase.cpp; sourceTree = DEVELOPER_DIR; };
		F73EA4C5F3B3D02FA42AA184 = { isa = PBXFileReference; lastKnownFileType = sourcecode.c.h; name = AUEffectBase.h; path = Extras/CoreAudio/AudioUnits/AUPublic/OtherBases/AUEffectBase.h; sourceTree = DEVELOPER_DIR; };
		BECF81044D98CEE47A45E731 = { isa = PBXFileReference; lastKnownFileType = sourcecode.cpp.cpp; name = AUBuffer.cpp; path = Extras/CoreAudio/AudioUnits/AUPublic/Utility/AUBuffer.cpp; sourceTree = DEVELOPER_DIR; };
		1B635F986B8ED132D846B6CE = { isa = PBXFileReference; lastKnownFileType = sourcecode.c.h; name = AUBuffer.h; path = Extras/CoreAudio/AudioUnits/AUPublic/Utility/AUBuffer.h; sourceTree = DEVELOPER_DIR; };
		EE26421C99B73600E78F3271 = { isa = PBXFileReference; lastKnownFileType = sourcecode.cpp.cpp; name = AUDebugDispatcher.cpp; path = Extras/CoreAudio/AudioUnits/AUPublic/Utility/AUDebugDispatcher.cpp; sourceTree = DEVELOPER_DIR; };
		662442194717F8A4BB148786 = { isa = PBXFileReference; lastKnownFileType = sourcecode.c.h; name = AUDebugDispatcher.h; path = Extras/CoreAudio/AudioUnits/AUPublic/Utility/AUDebugDispatcher.h; sourceTree = DEVELOPER_DIR; };
		1792EEC72A0DC5CCFA87C30D = { isa = PBXFileReference; lastKnownFileType = sourcecode.c.h; name = AUInputFormatConverter.h; path = Extras/CoreAudio/AudioUnits/AUPublic/Utility/AUInputFormatConverter.h; sourceTree = DEVELOPER_DIR; };
		4E533FEE8E89C17681FCC9D6 = { isa = PBXFileReference; lastKnownFileType = sourcecode.c.h; name = AUSilentTimeout.h; path = Extras/CoreAudio/AudioUnits/AUPublic/Utility/AUSilentTimeout.h; sourceTree = DEVELOPER_DIR; };
		8BAA3D9AF3B2DB139066E375 = { isa = PBXFileReference; lastKnownFileType = sourcecode.c.h; name = AUTimestampGenerator.h; path = Extras/CoreAudio/AudioUnits/AUPublic/Utility/AUTimestampGenerator.h; sourceTree = DEVELOPER_DIR; };
		2D15EAA8D6FABCD23DFBE25F = { isa = PBXGroup; children = (
				4D5933207BC04E52A0DA2E0A,
				68702D2B7E55E312940EBBE6,
				B5410062042764412B8CE303,
				FE76F48D71A43108DC3A632E ); name = Source; sourceTree = "<group>"; };
		5C28D5F42EF3E78DAF413509 = { isa = PBXGroup; children = (
				EE3110A166F2BE4285CCC0E9,
				A5BDE75E68BCE3A2F9D83449,
				BA1F39F1C3D8B6B149A883A5,
				F33602FCD0B439E42D8B07E5,
				4C5DDBF8EDAFBC07017F8B34,
				8683A4F3FA8A2F3AE5531E74,
				68CBBE7C9EB1011B535A26DC ); name = "Juce Library Code"; sourceTree = "<group>"; };
		40412401AFD82A0863A5C457 = { isa = PBXGroup; children = (
				79EF607C37867C3E0727A6C8,
				38A632812F285749FDD4E85B ); name = "Juce VST Wrapper"; sourceTree = "<group>"; };
		AFFA6E8AF3C4B30AA76D0F6F = { isa = PBXGroup; children = (
				092D19C0006E2D54B3FCFBD4,
				F5762685F4E190605FC94101,
				372CAC9C2C717764D967FF52,
				C023ED9377653751F86C3B1D,
				BDDB7E8D3C168A5874EF92F6,
				FAAED6E33033D90E1F743AD2,
				EB34F5E772C73295A3AFE75D,
				CEF7538E58F81D0364A2C723,
				FE754121B82D44E9EF49D058,
				B9BD3D2A0ECF04F3FE5F1AF4,
				C959628DAC3D4FA01B805CEC,
				4F084CAC66FD56E59C98A2C4,
				6B4FFF65DF21488A3B1C5CC8,
				F4DB0CA442A068D59FBD767D,
				AFEBEF559575F8181F573294,
				5E537726F79A063C1A9A3D37,
				72361A4FBBE1B6044CFBCF21,
				2D8EA53FBCFC1D273CE009FB,
				3AC294386F1435682CD2600D,
				79A841004A0DD3C934437272,
				43C21C822B57878473695AE1,
				459F08D64E99DE107F873779,
				FCD2C47E613117EAD9E17FAE,
				02C33755D7C0C886CE8215FD,
				89BFF9CD9EBB3FA5708ED43F,
				308611D3263E93B0A78AB629,
				E4E494BE89B05135C3AFD003,
				E10BD9CF0B171BE6C28A95DD,
				CCD2DB0AEA2F96B75ABBBCEE,
				3217044C5E2B4268794914E5,
				9DF632D1239A37562454012E,
				EA2BA05FC27823FE070A31FB,
				2E76301D6CF42AE3F3DA5FD4,
				0AE84C103FFD9D284FB7972F,
				927734C1F8720450854326D9,
				80F9BE72E2F28689FB06678B,
				C873030F111AFCFCBF38849C,
				15698E15D2EE78F0F854B546,
				6B302A6422E1EEAA9F9EACCD,
				FC8C295975F76FE6E60113D4,
				9CC999F2BF1A37FD3FAD1930,
				F71A9DB776B6BB8E359CA32F,
				F73EA4C5F3B3D02FA42AA184,
				BECF81044D98CEE47A45E731,
				1B635F986B8ED132D846B6CE,
				EE26421C99B73600E78F3271,
				662442194717F8A4BB148786,
				1792EEC72A0DC5CCFA87C30D,
				4E533FEE8E89C17681FCC9D6,
				8BAA3D9AF3B2DB139066E375 ); name = "Apple AU Files"; sourceTree = "<group>"; };
		E9C17E07B3254B6F93FBB2C3 = { isa = PBXGroup; children = (
				3E2F370D66AFCFA025F28C96,
				4E7669D84B7D14F109A6B8FC,
				AFFA6E8AF3C4B30AA76D0F6F ); name = "Juce AU Wrapper"; sourceTree = "<group>"; };
		009645D8826F1CCB6F552A3B = { isa = PBXGroup; children = (
				1AA75B177723E2397474C0A9 ); name = Resources; sourceTree = "<group>"; };
		23450BAD59D9BEB3DFA2E58C = { isa = PBXGroup; children = (
				DE34B4AA7DBD865FCBB5B8B2,
				AFF0A076C5A0BA472114A2E2,
				1D31DB5B0740C604B838356A,
				7B77B24B04A33D71A99FDDCB,
				49A0F6B1978D218746558368,
				B72DC4BFE3CEBEF52E48955E ); name = Frameworks; sourceTree = "<group>"; };
		3E5AD839B80929FACAA739E8 = { isa = PBXGroup; children = (
				38B3FD1536FCA839A4D61D2B ); name = Products; sourceTree = "<group>"; };
		8F28F866A54B4F89F05071F7 = { isa = PBXGroup; children = (
				2D15EAA8D6FABCD23DFBE25F,
				5C28D5F42EF3E78DAF413509,
				40412401AFD82A0863A5C457,
				E9C17E07B3254B6F93FBB2C3,
				009645D8826F1CCB6F552A3B,
				23450BAD59D9BEB3DFA2E58C,
				3E5AD839B80929FACAA739E8 ); name = Source; sourceTree = "<group>"; };
		F465AF424C7B9998C3A9B77A = { isa = XCBuildConfiguration; buildSettings = {
				PREBINDING = NO;
				HEADER_SEARCH_PATHS = "~/SDKs/vstsdk2.4 $(DEVELOPER_DIR)/Extras/CoreAudio/PublicUtility $(DEVELOPER_DIR)/Extras/CoreAudio/AudioUnits/AUPublic/Utility $(inherited)";
				GCC_OPTIMIZATION_LEVEL = 0;
				INFOPLIST_FILE = Info.plist;
				LIBRARY_STYLE = Bundle;
				INSTALL_PATH = "$(HOME)/Library/Audio/Plug-Ins/Components/";
				WRAPPER_EXTENSION = component;
				GENERATE_PKGINFO_FILE = YES;
				OTHER_REZFLAGS = "-d ppc_$ppc -d i386_$i386 -d ppc64_$ppc64 -d x86_64_$x86_64 -I /System/Library/Frameworks/CoreServices.framework/Frameworks/CarbonCore.framework/Versions/A/Headers -I \"$(DEVELOPER_DIR)/Extras/CoreAudio/AudioUnits/AUPublic/AUBase\"";
				OTHER_LDFLAGS = "-bundle";
				ONLY_ACTIVE_ARCH = YES;
				COPY_PHASE_STRIP = NO;
				GCC_DYNAMIC_NO_PIC = NO;
				GCC_ENABLE_FIX_AND_CONTINUE = NO;
				GCC_PREPROCESSOR_DEFINITIONS = (
				"_DEBUG=1",
				"DEBUG=1",
				"JUCE_ObjCExtraSuffix=KwnlpU",
				"JUCER_XCODE_IPHONE_5BC26AE3=1"); }; name = Debug; };
		8D0138B566D32F72D9F53641 = { isa = XCBuildConfiguration; buildSettings = {
				PREBINDING = NO;
				HEADER_SEARCH_PATHS = "~/SDKs/vstsdk2.4 $(DEVELOPER_DIR)/Extras/CoreAudio/PublicUtility $(DEVELOPER_DIR)/Extras/CoreAudio/AudioUnits/AUPublic/Utility $(inherited)";
				GCC_OPTIMIZATION_LEVEL = s;
				INFOPLIST_FILE = Info.plist;
				LIBRARY_STYLE = Bundle;
				INSTALL_PATH = "$(HOME)/Library/Audio/Plug-Ins/Components/";
				WRAPPER_EXTENSION = component;
				GENERATE_PKGINFO_FILE = YES;
				OTHER_REZFLAGS = "-d ppc_$ppc -d i386_$i386 -d ppc64_$ppc64 -d x86_64_$x86_64 -I /System/Library/Frameworks/CoreServices.framework/Frameworks/CarbonCore.framework/Versions/A/Headers -I \"$(DEVELOPER_DIR)/Extras/CoreAudio/AudioUnits/AUPublic/AUBase\"";
				OTHER_LDFLAGS = "-bundle";
				GCC_GENERATE_DEBUGGING_SYMBOLS = NO;
				GCC_SYMBOLS_PRIVATE_EXTERN = YES;
				GCC_PREPROCESSOR_DEFINITIONS = (
				"_NDEBUG=1",
				"NDEBUG=1",
				"JUCE_ObjCExtraSuffix=KwnlpU",
				"JUCER_XCODE_IPHONE_5BC26AE3=1"); }; name = Release; };
		8FB3F77E2B7D9E71E295BB0E = { isa = XCBuildConfiguration; buildSettings = {
				ALWAYS_SEARCH_USER_PATHS = NO;
				GCC_C_LANGUAGE_STANDARD = c99;
				GCC_WARN_ABOUT_RETURN_TYPE = YES;
				GCC_WARN_CHECK_SWITCH_STATEMENTS = YES;
				GCC_WARN_UNUSED_VARIABLE = YES;
				GCC_WARN_MISSING_PARENTHESES = YES;
				GCC_WARN_NON_VIRTUAL_DESTRUCTOR = YES;
				GCC_WARN_TYPECHECK_CALLS_TO_PRINTF = YES;
				WARNING_CFLAGS = -Wreorder;
				GCC_MODEL_TUNING = G5;
				GCC_INLINES_ARE_PRIVATE_EXTERN = YES;
				"CODE_SIGN_IDENTITY[sdk=iphoneos*]" = "iPhone Developer";
				SDKROOT = iphoneos;
				TARGETED_DEVICE_FAMILY = "1,2";
				ZERO_LINK = NO;
				DEBUG_INFORMATION_FORMAT = "dwarf";
				PRODUCT_NAME = "CabbagePlugin"; }; name = Debug; };
		623AAAEAF424A0F60773CD11 = { isa = XCBuildConfiguration; buildSettings = {
				ALWAYS_SEARCH_USER_PATHS = NO;
				GCC_C_LANGUAGE_STANDARD = c99;
				GCC_WARN_ABOUT_RETURN_TYPE = YES;
				GCC_WARN_CHECK_SWITCH_STATEMENTS = YES;
				GCC_WARN_UNUSED_VARIABLE = YES;
				GCC_WARN_MISSING_PARENTHESES = YES;
				GCC_WARN_NON_VIRTUAL_DESTRUCTOR = YES;
				GCC_WARN_TYPECHECK_CALLS_TO_PRINTF = YES;
				WARNING_CFLAGS = -Wreorder;
				GCC_MODEL_TUNING = G5;
				GCC_INLINES_ARE_PRIVATE_EXTERN = YES;
				"CODE_SIGN_IDENTITY[sdk=iphoneos*]" = "iPhone Developer";
				SDKROOT = iphoneos;
				TARGETED_DEVICE_FAMILY = "1,2";
				ZERO_LINK = NO;
				DEBUG_INFORMATION_FORMAT = "dwarf";
				PRODUCT_NAME = "CabbagePlugin"; }; name = Release; };
		2A3C52959748C46D54F398EB = { isa = XCConfigurationList; buildConfigurations = (
				8FB3F77E2B7D9E71E295BB0E,
				623AAAEAF424A0F60773CD11 ); defaultConfigurationIsVisible = 0; defaultConfigurationName = Debug; };
		D26E6FD077AC7DB4F303CDDF = { isa = XCConfigurationList; buildConfigurations = (
				F465AF424C7B9998C3A9B77A,
				8D0138B566D32F72D9F53641 ); defaultConfigurationIsVisible = 0; defaultConfigurationName = Debug; };
		ADAD70C8E0E3A16662442194 = { isa = PBXResourcesBuildPhase; buildActionMask = 2147483647; files = (  ); runOnlyForDeploymentPostprocessing = 0; };
		30DC2D93F825152AC18F32C1 = { isa = PBXRezBuildPhase; buildActionMask = 2147483647; files = (
				656D887203DFBAA17693D4B0 ); runOnlyForDeploymentPostprocessing = 0; };
		89347D37A0DFABC3CB566640 = { isa = PBXSourcesBuildPhase; buildActionMask = 2147483647; files = (
				E3374961ADD79184B9CE4D6A,
				B9E0A6242B5D01361E3F0765,
				220B11F25D7C5B32419DABB0,
				2E9221933937114A7B72EFCB,
				3A38322405F3E852955723C6,
				46CF42C5E1BEAF6AC03C67C1,
				E010B1B13BDDBA00D53FD225,
				261B9FA991050816F1A69CF1,
				39AA67B3C29D7E17EB831AE0,
				4023CFF3BC120F2A56259823,
				CF730D7AF9E3C38DAB2573C0,
				74FEA2F1276E8A833ED3EB01,
				DB5A93AEE231457AA43497E5,
				7E7977C95888403D47BC2A6D,
				30D03B1C92540A19964F0777,
				4B9D832A2817A219C5D43039,
				1ABA32F5D0CACEFC54C586F9,
				903E94F94A1BC80546D7F405,
				373789C6C19B68CFD29EFCA9,
				1396EF7C62C49742C321DE44,
				C8F581D646B5C7878D02FE17,
				4348ABCAD2493E2A00DF3980,
				8E530FF49F8DD2A007CED5FC,
				1D105257ACE3F91C5B965AA7,
				57B34A410750948391619D69,
				F84FC8BC7BE803A8560A0ECE,
				827AF8A3A9CEC4F40E0EA6BB,
				3BB2693AA5F1C2F27AF7CA5B,
				D40596AB31E7789C6FCA922F,
				77732F94180636D89E7A4B37,
				89FFDFA65506576B616C7540 ); runOnlyForDeploymentPostprocessing = 0; };
		2E59AD7098CBE5DB55285441 = { isa = PBXFrameworksBuildPhase; buildActionMask = 2147483647; files = (
				1DFBF0201D400CD6C6782B10,
				3BEC07A51CB8E516B38ECD43,
				79331405AD5D6C6600D66AD6,
				35B83190681BB220D98E9F4D,
				F1B55A9153FAED910EA74FDB,
				25899CB91140BD7EA1A76AC2 ); runOnlyForDeploymentPostprocessing = 0; };
		9F94709FC5AFF5501A26E51D = { isa = PBXShellScriptBuildPhase; buildActionMask = 2147483647; files = (  ); runOnlyForDeploymentPostprocessing = 0; name = "Copy to the different plugin folders"; shellPath = /bin/sh; shellScript = "\n# This script takes the build product and copies it to the AU, VST, and RTAS folders, depending on \n# which plugin types you've built\n\noriginal=$CONFIGURATION_BUILD_DIR/$FULL_PRODUCT_NAME\n\n# this looks inside the binary to detect which platforms are needed.. \ncopyAU=`nm -g \"$CONFIGURATION_BUILD_DIR/$EXECUTABLE_PATH\" | grep -i 'AudioUnit' | wc -l`\ncopyVST=`nm -g \"$CONFIGURATION_BUILD_DIR/$EXECUTABLE_PATH\" | grep -i 'VSTPlugin' | wc -l`\ncopyRTAS=`nm -g \"$CONFIGURATION_BUILD_DIR/$EXECUTABLE_PATH\" | grep -i 'CProcess' | wc -l`\n\nif [ $copyAU -gt 0 ]; then\n  echo \"Copying to AudioUnit folder...\"\n  AU=~/Library/Audio/Plug-Ins/Components/$PRODUCT_NAME.component\n  if [ -d \"$AU\" ]; then \n    rm -r \"$AU\"\n  fi\n\n  cp -r \"$original\" \"$AU\"\n  sed -i \"\" -e 's/TDMwPTul/BNDLPTul/g' \"$AU/Contents/PkgInfo\"\n  sed -i \"\" -e 's/TDMw/BNDL/g' \"$AU/Contents/$INFOPLIST_FILE\"\nfi\n\nif [ $copyVST -gt 0 ]; then\n  echo \"Copying to VST folder...\"\n  VST=~/Library/Audio/Plug-Ins/VST/$PRODUCT_NAME.vst\n  if [ -d \"$VST\" ]; then \n    rm -r \"$VST\"\n  fi\n\n  cp -r \"$original\" \"$VST\"\n  sed -i \"\" -e 's/TDMwPTul/BNDLPTul/g' \"$VST/Contents/PkgInfo\"\n  sed -i \"\" -e 's/TDMw/BNDL/g' \"$VST/Contents/$INFOPLIST_FILE\"\nfi\n\nif [ $copyRTAS -gt 0 ]; then\n  echo \"Copying to RTAS folder...\"\n  RTAS=/Library/Application\\ Support/Digidesign/Plug-Ins/$PRODUCT_NAME.dpm\n  if [ -d \"$RTAS\" ]; then\n    rm -r \"$RTAS\"\n  fi\n\n  cp -r \"$original\" \"$RTAS\"\nfi\n"; };
		0275F7833D4F0AF985B3D10F = { isa = PBXNativeTarget; buildConfigurationList = D26E6FD077AC7DB4F303CDDF; buildPhases = (
				ADAD70C8E0E3A16662442194,
				30DC2D93F825152AC18F32C1,
				89347D37A0DFABC3CB566640,
				2E59AD7098CBE5DB55285441,
				9F94709FC5AFF5501A26E51D ); buildRules = ( ); dependencies = ( ); name = CabbagePlugin; productName = CabbagePlugin; productReference = 38B3FD1536FCA839A4D61D2B; productInstallPath = "$(HOME)/Library/Audio/Plug-Ins/Components/"; productType = "com.apple.product-type.bundle"; };
		FC1F89DC2E6528EAE1B8F656 = { isa = PBXProject; buildConfigurationList = 2A3C52959748C46D54F398EB; compatibilityVersion = "Xcode 3.1"; hasScannedForEncodings = 0; mainGroup = 8F28F866A54B4F89F05071F7; projectDirPath = ""; projectRoot = ""; targets = ( 0275F7833D4F0AF985B3D10F ); };
	};
	rootObject = FC1F89DC2E6528EAE1B8F656;
}
