Microsoft Visual Studio Solution File, Format Version 8.00
# Visual C++ Express 2005
Project("{7E0CFE2D-1171-D62D-535B-DBE9524190D9}") = "Cabbage", "Cabbage.vcproj", "{0B182E97-AD2D-CC14-C5E9-40BF85136EBF}"
EndProject
Global
	GlobalSection(SolutionConfigurationPlatforms) = preSolution
		Debug|Win32 = Debug|Win32
		Release|Win32 = Release|Win32
	EndGlobalSection
	GlobalSection(ProjectConfigurationPlatforms) = postSolution
		{0B182E97-AD2D-CC14-C5E9-40BF85136EBF}.Debug|Win32.ActiveCfg = Debug|Win32
		{0B182E97-AD2D-CC14-C5E9-40BF85136EBF}.Debug|Win32.Build.0 = Debug|Win32
		{0B182E97-AD2D-CC14-C5E9-40BF85136EBF}.Release|Win32.ActiveCfg = Release|Win32
		{0B182E97-AD2D-CC14-C5E9-40BF85136EBF}.Release|Win32.Build.0 = Release|Win32
	EndGlobalSection
	GlobalSection(SolutionProperties) = preSolution
		HideSolutionNode = FALSE
	EndGlobalSection
EndGlobal
